{
  "name": "typenative-tests",
  "version": "1.0.0",
  "lockfileVersion": 3,
  "requires": true,
  "packages": {
    "": {
      "name": "typenative-tests",
      "version": "1.0.0",
      "dependencies": {
        "simple-test-package": "^0.2.2"
      }
    },
    "node_modules/simple-test-package": {
      "version": "0.2.2",
      "resolved": "https://registry.npmjs.org/simple-test-package/-/simple-test-package-0.2.2.tgz",
      "integrity": "sha512-+yBxO+DyJUIw/FhMra9MUtITKj1NdUYQt+VrbGRYeusP0AahhYNKXyIq6IPxw7lX8/38bSwfhtkajoX0SaTqlw==",
      "license": "ISC"
    }
  }
}
